
Microsoft Visual Studio Solution File, Format Version 12.00
# Visual Studio Version 16
VisualStudioVersion = 16.0.30907.101
MinimumVisualStudioVersion = 10.0.40219.1
Project("{FAE04EC0-301F-11D3-BF4B-00C04F79EFBC}") = "100_WebApiCrud", "100_WebApiCrud\100_WebApiCrud.csproj", "{5115B758-0A7E-40E1-A443-01A1CAC4FFBB}"
EndProject
Global
	GlobalSection(SolutionConfigurationPlatforms) = preSolution
		Debug|Any CPU = Debug|Any CPU
		Release|Any CPU = Release|Any CPU
	EndGlobalSection
	GlobalSection(ProjectConfigurationPlatforms) = postSolution
		{5115B758-0A7E-40E1-A443-01A1CAC4FFBB}.Debug|Any CPU.ActiveCfg = Debug|Any CPU
		{5115B758-0A7E-40E1-A443-01A1CAC4FFBB}.Debug|Any CPU.Build.0 = Debug|Any CPU
		{5115B758-0A7E-40E1-A443-01A1CAC4FFBB}.Release|Any CPU.ActiveCfg = Release|Any CPU
		{5115B758-0A7E-40E1-A443-01A1CAC4FFBB}.Release|Any CPU.Build.0 = Release|Any CPU
	EndGlobalSection
	GlobalSection(SolutionProperties) = preSolution
		HideSolutionNode = FALSE
	EndGlobalSection
	GlobalSection(ExtensibilityGlobals) = postSolution
		SolutionGuid = {FB1988FC-F97F-445C-9532-BB93455417B3}
	EndGlobalSection
EndGlobal
